
Microsoft Visual Studio Solution File, Format Version 12.00
# Visual Studio Version 17
VisualStudioVersion = 17.0.32014.148
MinimumVisualStudioVersion = 10.0.40219.1
Project("{FAE04EC0-301F-11D3-BF4B-00C04F79EFBC}") = "01112023-522510054-Nguyen_Phuoc_Tinh", "01112023-522510054-Nguyen_Phuoc_Tinh\01112023-522510054-Nguyen_Phuoc_Tinh.csproj", "{56F75E7F-208D-4286-9DCB-3E10CF53A821}"
EndProject
Global
	GlobalSection(SolutionConfigurationPlatforms) = preSolution
		Debug|Any CPU = Debug|Any CPU
		Release|Any CPU = Release|Any CPU
	EndGlobalSection
	GlobalSection(ProjectConfigurationPlatforms) = postSolution
		{56F75E7F-208D-4286-9DCB-3E10CF53A821}.Debug|Any CPU.ActiveCfg = Debug|Any CPU
		{56F75E7F-208D-4286-9DCB-3E10CF53A821}.Debug|Any CPU.Build.0 = Debug|Any CPU
		{56F75E7F-208D-4286-9DCB-3E10CF53A821}.Release|Any CPU.ActiveCfg = Release|Any CPU
		{56F75E7F-208D-4286-9DCB-3E10CF53A821}.Release|Any CPU.Build.0 = Release|Any CPU
	EndGlobalSection
	GlobalSection(SolutionProperties) = preSolution
		HideSolutionNode = FALSE
	EndGlobalSection
	GlobalSection(ExtensibilityGlobals) = postSolution
		SolutionGuid = {65FCC59D-E083-49AB-8101-1F4D9ADBC30E}
	EndGlobalSection
EndGlobal
